
Microsoft Visual Studio Solution File, Format Version 12.00
# Visual Studio 14
VisualStudioVersion = 14.0.25420.1
MinimumVisualStudioVersion = 10.0.40219.1
Project("{FAE04EC0-301F-11D3-BF4B-00C04F79EFBC}") = "TestCodeFirst", "TestCodeFirst\TestCodeFirst.csproj", "{F99EA090-2A76-4C1A-A9C4-13EA46221A23}"
EndProject
Project("{FAE04EC0-301F-11D3-BF4B-00C04F79EFBC}") = "WPF_SENM", "WPF_SENM\WPF_SENM.csproj", "{C93B68CC-D182-4147-AF87-594BF8BFF16A}"
EndProject
Project("{FAE04EC0-301F-11D3-BF4B-00C04F79EFBC}") = "UnitTestProject1", "UnitTestProject1\UnitTestProject1.csproj", "{CE06CF56-B6AA-47E0-9845-15D80F5987C3}"
EndProject
Global
	GlobalSection(SolutionConfigurationPlatforms) = preSolution
		Debug|Any CPU = Debug|Any CPU
		Release|Any CPU = Release|Any CPU
	EndGlobalSection
	GlobalSection(ProjectConfigurationPlatforms) = postSolution
		{F99EA090-2A76-4C1A-A9C4-13EA46221A23}.Debug|Any CPU.ActiveCfg = Debug|Any CPU
		{F99EA090-2A76-4C1A-A9C4-13EA46221A23}.Debug|Any CPU.Build.0 = Debug|Any CPU
		{F99EA090-2A76-4C1A-A9C4-13EA46221A23}.Release|Any CPU.ActiveCfg = Release|Any CPU
		{F99EA090-2A76-4C1A-A9C4-13EA46221A23}.Release|Any CPU.Build.0 = Release|Any CPU
		{C93B68CC-D182-4147-AF87-594BF8BFF16A}.Debug|Any CPU.ActiveCfg = Debug|Any CPU
		{C93B68CC-D182-4147-AF87-594BF8BFF16A}.Debug|Any CPU.Build.0 = Debug|Any CPU
		{C93B68CC-D182-4147-AF87-594BF8BFF16A}.Release|Any CPU.ActiveCfg = Release|Any CPU
		{C93B68CC-D182-4147-AF87-594BF8BFF16A}.Release|Any CPU.Build.0 = Release|Any CPU
		{CE06CF56-B6AA-47E0-9845-15D80F5987C3}.Debug|Any CPU.ActiveCfg = Debug|Any CPU
		{CE06CF56-B6AA-47E0-9845-15D80F5987C3}.Debug|Any CPU.Build.0 = Debug|Any CPU
		{CE06CF56-B6AA-47E0-9845-15D80F5987C3}.Release|Any CPU.ActiveCfg = Release|Any CPU
		{CE06CF56-B6AA-47E0-9845-15D80F5987C3}.Release|Any CPU.Build.0 = Release|Any CPU
	EndGlobalSection
	GlobalSection(SolutionProperties) = preSolution
		HideSolutionNode = FALSE
	EndGlobalSection
	GlobalSection(ExtensibilityGlobals) = postSolution
		SolutionGuid = {F7DA1899-D819-4F1D-8014-688D02B303D3}
	EndGlobalSection
EndGlobal
